<?xml version="1.0" encoding="utf-8"?>
<Project ToolsVersion="15.0" xmlns="http://schemas.microsoft.com/developer/msbuild/2003">
  <ItemGroup>
    <Filter Include="Resources">
      <UniqueIdentifier>03d79822-f98e-4f56-aac3-e4352ea4e184</UniqueIdentifier>
      <Extensions>rc;ico;cur;bmp;dlg;rc2;rct;bin;rgs;gif;jpg;jpeg;jpe;resx;tga;tiff;tif;png;wav;mfcribbon-ms</Extensions>
    </Filter>
    <Filter Include="Utils">
      <UniqueIdentifier>{40539f16-f5c0-4e2c-ad93-37d4e7591f39}</UniqueIdentifier>
    </Filter>
    <Filter Include="ArUco Detection">
      <UniqueIdentifier>{1e95e2ca-18cf-4471-a8ee-794b4c884ffa}</UniqueIdentifier>
    </Filter>
  </ItemGroup>
  <ItemGroup>
    <ClCompile Include="DepthSensorFrame.cpp" />
    <ClCompile Include="DepthSensorPointCloud.cpp" />
    <ClCompile Include="pch.cpp" />
    <ClCompile Include="ShortThrowDepthCameraReader.cpp" />
    <ClCompile Include="TimeConverter.cpp">
      <Filter>Utils</Filter>
    </ClCompile>
    <ClCompile Include="PVFrame.cpp">
      <Filter>ArUco Detection</Filter>
    </ClCompile>
  </ItemGroup>
  <ItemGroup>
    <ClInclude Include="DepthSensorFrame.h" />
    <ClInclude Include="DepthSensorPointCloud.h" />
    <ClInclude Include="pch.h" />
    <ClInclude Include="ResearchModeApi.h" />
    <ClInclude Include="ShortThrowDepthCameraReader.h" />
    <ClInclude Include="TimeConverter.h">
      <Filter>Utils</Filter>
    </ClInclude>
    <ClInclude Include="PVFrame.h">
      <Filter>ArUco Detection</Filter>
    </ClInclude>
  </ItemGroup>
  <ItemGroup>
    <None Include="packages.config" />
  </ItemGroup>
</Project>